
Microsoft Visual Studio Solution File, Format Version 12.00
# Visual Studio Version 17
VisualStudioVersion = 17.1.32210.238
MinimumVisualStudioVersion = 10.0.40219.1
Project("{FAE04EC0-301F-11D3-BF4B-00C04F79EFBC}") = "CypherCrescentSoftwareAcademy_BackEndCohort", "CypherCrescentSoftwareAcademy_BackEndCohort.csproj", "{03FD2B19-5A7E-44D6-AD7D-9CE46FFDCF0A}"
EndProject
Global
	GlobalSection(SolutionConfigurationPlatforms) = preSolution
		Debug|Any CPU = Debug|Any CPU
		Release|Any CPU = Release|Any CPU
	EndGlobalSection
	GlobalSection(ProjectConfigurationPlatforms) = postSolution
		{03FD2B19-5A7E-44D6-AD7D-9CE46FFDCF0A}.Debug|Any CPU.ActiveCfg = Debug|Any CPU
		{03FD2B19-5A7E-44D6-AD7D-9CE46FFDCF0A}.Debug|Any CPU.Build.0 = Debug|Any CPU
		{03FD2B19-5A7E-44D6-AD7D-9CE46FFDCF0A}.Release|Any CPU.ActiveCfg = Release|Any CPU
		{03FD2B19-5A7E-44D6-AD7D-9CE46FFDCF0A}.Release|Any CPU.Build.0 = Release|Any CPU
	EndGlobalSection
	GlobalSection(SolutionProperties) = preSolution
		HideSolutionNode = FALSE
	EndGlobalSection
	GlobalSection(ExtensibilityGlobals) = postSolution
		SolutionGuid = {329AAC09-953C-46FD-8AA0-6CD737409BBF}
	EndGlobalSection
EndGlobal
